# This is a Gradle generated file for dependency locking.
# Manual edits can break the build and are not advised.
# This file is expected to be part of source control.
androidx.annotation:annotation-experimental:1.1.0=androidTestImplementationDependenciesMetadata,debugAndroidTestCompileClasspath,debugAndroidTestRuntimeClasspath
androidx.annotation:annotation:1.2.0=androidTestImplementationDependenciesMetadata,debugAndroidTestCompileClasspath,debugAndroidTestRuntimeClasspath
androidx.concurrent:concurrent-futures:1.1.0=androidTestImplementationDependenciesMetadata,debugAndroidTestCompileClasspath,debugAndroidTestRuntimeClasspath
androidx.lifecycle:lifecycle-common:2.3.1=androidTestImplementationDependenciesMetadata,debugAndroidTestCompileClasspath,debugAndroidTestRuntimeClasspath
androidx.test.espresso:espresso-core:3.5.1=androidTestImplementationDependenciesMetadata,debugAndroidTestCompileClasspath,debugAndroidTestRuntimeClasspath
androidx.test.espresso:espresso-idling-resource:3.5.1=androidTestImplementationDependenciesMetadata,debugAndroidTestCompileClasspath,debugAndroidTestRuntimeClasspath,debugUnitTestRuntimeClasspath,releaseUnitTestRuntimeClasspath
androidx.test.ext:junit:1.1.5=androidTestImplementationDependenciesMetadata,debugAndroidTestCompileClasspath,debugAndroidTestRuntimeClasspath
androidx.test.services:storage:1.4.2=androidTestImplementationDependenciesMetadata,debugAndroidTestCompileClasspath,debugAndroidTestRuntimeClasspath
androidx.test:annotation:1.0.1=androidTestImplementationDependenciesMetadata,debugAndroidTestCompileClasspath,debugAndroidTestRuntimeClasspath
androidx.test:core:1.5.0=androidTestImplementationDependenciesMetadata,debugAndroidTestCompileClasspath,debugAndroidTestRuntimeClasspath
androidx.test:monitor:1.6.1=androidTestImplementationDependenciesMetadata,debugAndroidTestCompileClasspath,debugAndroidTestRuntimeClasspath,debugUnitTestCompileClasspath,debugUnitTestRuntimeClasspath,releaseUnitTestCompileClasspath,releaseUnitTestRuntimeClasspath,testImplementationDependenciesMetadata
androidx.test:runner:1.5.2=androidTestImplementationDependenciesMetadata,debugAndroidTestCompileClasspath,debugAndroidTestRuntimeClasspath
androidx.tracing:tracing:1.0.0=androidTestImplementationDependenciesMetadata,debugAndroidTestCompileClasspath,debugAndroidTestRuntimeClasspath
com.almworks.sqlite4java:sqlite4java:1.0.392=debugUnitTestCompileClasspath,debugUnitTestRuntimeClasspath,releaseUnitTestCompileClasspath,releaseUnitTestRuntimeClasspath,testImplementationDependenciesMetadata
com.android.tools.ddms:ddmlib:31.5.2=_internal-unified-test-platform-android-device-provider-ddmlib
com.android.tools.emulator:proto:31.5.2=_internal-unified-test-platform-android-test-plugin-host-emulator-control,_internal-unified-test-platform-android-test-plugin-host-retention
com.android.tools.utp:android-device-provider-ddmlib-proto:31.5.2=_internal-unified-test-platform-android-device-provider-ddmlib
com.android.tools.utp:android-device-provider-ddmlib:31.5.2=_internal-unified-test-platform-android-device-provider-ddmlib
com.android.tools.utp:android-device-provider-gradle-proto:31.5.2=_internal-unified-test-platform-android-device-provider-gradle
com.android.tools.utp:android-device-provider-gradle:31.5.2=_internal-unified-test-platform-android-device-provider-gradle
com.android.tools.utp:android-test-plugin-host-additional-test-output-proto:31.5.2=_internal-unified-test-platform-android-test-plugin-host-additional-test-output
com.android.tools.utp:android-test-plugin-host-additional-test-output:31.5.2=_internal-unified-test-platform-android-test-plugin-host-additional-test-output
com.android.tools.utp:android-test-plugin-host-apk-installer-proto:31.5.2=_internal-unified-test-platform-android-test-plugin-host-apk-installer
com.android.tools.utp:android-test-plugin-host-apk-installer:31.5.2=_internal-unified-test-platform-android-test-plugin-host-apk-installer
com.android.tools.utp:android-test-plugin-host-coverage-proto:31.5.2=_internal-unified-test-platform-android-test-plugin-host-coverage
com.android.tools.utp:android-test-plugin-host-coverage:31.5.2=_internal-unified-test-platform-android-test-plugin-host-coverage
com.android.tools.utp:android-test-plugin-host-device-info-proto:31.5.2=_internal-unified-test-platform-android-test-plugin-host-device-info
com.android.tools.utp:android-test-plugin-host-device-info:31.5.2=_internal-unified-test-platform-android-test-plugin-host-device-info
com.android.tools.utp:android-test-plugin-host-emulator-control-proto:31.5.2=_internal-unified-test-platform-android-test-plugin-host-emulator-control
com.android.tools.utp:android-test-plugin-host-emulator-control:31.5.2=_internal-unified-test-platform-android-test-plugin-host-emulator-control
com.android.tools.utp:android-test-plugin-host-logcat-proto:31.5.2=_internal-unified-test-platform-android-test-plugin-host-logcat
com.android.tools.utp:android-test-plugin-host-logcat:31.5.2=_internal-unified-test-platform-android-test-plugin-host-logcat
com.android.tools.utp:android-test-plugin-host-retention-proto:31.5.2=_internal-unified-test-platform-android-test-plugin-host-retention
com.android.tools.utp:android-test-plugin-host-retention:31.5.2=_internal-unified-test-platform-android-test-plugin-host-retention
com.android.tools.utp:android-test-plugin-result-listener-gradle-proto:31.5.2=_internal-unified-test-platform-android-test-plugin-result-listener-gradle
com.android.tools.utp:android-test-plugin-result-listener-gradle:31.5.2=_internal-unified-test-platform-android-test-plugin-result-listener-gradle
com.android.tools.utp:utp-common:31.5.2=_internal-unified-test-platform-android-test-plugin-host-additional-test-output,_internal-unified-test-platform-android-test-plugin-host-device-info,_internal-unified-test-platform-android-test-plugin-host-logcat,_internal-unified-test-platform-android-test-plugin-host-retention
com.android.tools:annotations:31.5.2=_internal-unified-test-platform-android-device-provider-ddmlib,_internal-unified-test-platform-android-device-provider-gradle,_internal-unified-test-platform-android-test-plugin-host-additional-test-output,_internal-unified-test-platform-android-test-plugin-host-apk-installer,_internal-unified-test-platform-android-test-plugin-host-coverage,_internal-unified-test-platform-android-test-plugin-host-device-info,_internal-unified-test-platform-android-test-plugin-host-emulator-control,_internal-unified-test-platform-android-test-plugin-host-logcat,_internal-unified-test-platform-android-test-plugin-host-retention,_internal-unified-test-platform-android-test-plugin-result-listener-gradle
com.android.tools:common:31.5.2=_internal-unified-test-platform-android-device-provider-ddmlib,_internal-unified-test-platform-android-device-provider-gradle,_internal-unified-test-platform-android-test-plugin-host-additional-test-output,_internal-unified-test-platform-android-test-plugin-host-apk-installer,_internal-unified-test-platform-android-test-plugin-host-coverage,_internal-unified-test-platform-android-test-plugin-host-device-info,_internal-unified-test-platform-android-test-plugin-host-emulator-control,_internal-unified-test-platform-android-test-plugin-host-logcat,_internal-unified-test-platform-android-test-plugin-host-retention,_internal-unified-test-platform-android-test-plugin-result-listener-gradle
com.google.android:annotations:4.1.1.4=_internal-unified-test-platform-android-test-plugin-host-emulator-control,_internal-unified-test-platform-android-test-plugin-host-retention,_internal-unified-test-platform-android-test-plugin-result-listener-gradle
com.google.api.grpc:proto-google-common-protos:2.17.0=_internal-unified-test-platform-android-test-plugin-host-emulator-control,_internal-unified-test-platform-android-test-plugin-host-retention,_internal-unified-test-platform-android-test-plugin-result-listener-gradle
com.google.auto.value:auto-value-annotations:1.10.4=debugUnitTestCompileClasspath,debugUnitTestRuntimeClasspath,releaseUnitTestCompileClasspath,releaseUnitTestRuntimeClasspath,testImplementationDependenciesMetadata
com.google.code.findbugs:jsr305:2.0.2=androidTestImplementationDependenciesMetadata,debugAndroidTestCompileClasspath,debugAndroidTestRuntimeClasspath
com.google.code.findbugs:jsr305:3.0.2=_internal-unified-test-platform-android-device-provider-ddmlib,_internal-unified-test-platform-android-device-provider-gradle,_internal-unified-test-platform-android-test-plugin-host-additional-test-output,_internal-unified-test-platform-android-test-plugin-host-apk-installer,_internal-unified-test-platform-android-test-plugin-host-coverage,_internal-unified-test-platform-android-test-plugin-host-device-info,_internal-unified-test-platform-android-test-plugin-host-emulator-control,_internal-unified-test-platform-android-test-plugin-host-logcat,_internal-unified-test-platform-android-test-plugin-host-retention,_internal-unified-test-platform-android-test-plugin-result-listener-gradle,debugUnitTestCompileClasspath,debugUnitTestRuntimeClasspath,releaseUnitTestCompileClasspath,releaseUnitTestRuntimeClasspath,testImplementationDependenciesMetadata
com.google.code.gson:gson:2.10.1=_internal-unified-test-platform-android-test-plugin-host-emulator-control,_internal-unified-test-platform-android-test-plugin-host-retention,_internal-unified-test-platform-android-test-plugin-result-listener-gradle
com.google.crypto.tink:tink:1.7.0=_internal-unified-test-platform-android-test-plugin-host-emulator-control
com.google.errorprone:error_prone_annotation:2.19.1=debugUnitTestRuntimeClasspath,releaseUnitTestRuntimeClasspath
com.google.errorprone:error_prone_annotations:2.18.0=_internal-unified-test-platform-android-device-provider-ddmlib,_internal-unified-test-platform-android-device-provider-gradle,_internal-unified-test-platform-android-test-plugin-host-additional-test-output,_internal-unified-test-platform-android-test-plugin-host-apk-installer,_internal-unified-test-platform-android-test-plugin-host-coverage,_internal-unified-test-platform-android-test-plugin-host-device-info,_internal-unified-test-platform-android-test-plugin-host-emulator-control,_internal-unified-test-platform-android-test-plugin-host-logcat,_internal-unified-test-platform-android-test-plugin-host-retention,_internal-unified-test-platform-android-test-plugin-result-listener-gradle,debugUnitTestCompileClasspath,debugUnitTestRuntimeClasspath,releaseUnitTestCompileClasspath,releaseUnitTestRuntimeClasspath,testImplementationDependenciesMetadata
com.google.guava:failureaccess:1.0.1=_internal-unified-test-platform-android-device-provider-ddmlib,_internal-unified-test-platform-android-device-provider-gradle,_internal-unified-test-platform-android-test-plugin-host-additional-test-output,_internal-unified-test-platform-android-test-plugin-host-apk-installer,_internal-unified-test-platform-android-test-plugin-host-coverage,_internal-unified-test-platform-android-test-plugin-host-device-info,_internal-unified-test-platform-android-test-plugin-host-emulator-control,_internal-unified-test-platform-android-test-plugin-host-logcat,_internal-unified-test-platform-android-test-plugin-host-retention,_internal-unified-test-platform-android-test-plugin-result-listener-gradle,debugUnitTestCompileClasspath,debugUnitTestRuntimeClasspath,releaseUnitTestCompileClasspath,releaseUnitTestRuntimeClasspath,testImplementationDependenciesMetadata
com.google.guava:guava:32.0.1-jre=_internal-unified-test-platform-android-device-provider-ddmlib,_internal-unified-test-platform-android-device-provider-gradle,_internal-unified-test-platform-android-test-plugin-host-additional-test-output,_internal-unified-test-platform-android-test-plugin-host-apk-installer,_internal-unified-test-platform-android-test-plugin-host-coverage,_internal-unified-test-platform-android-test-plugin-host-device-info,_internal-unified-test-platform-android-test-plugin-host-emulator-control,_internal-unified-test-platform-android-test-plugin-host-logcat,_internal-unified-test-platform-android-test-plugin-host-retention,_internal-unified-test-platform-android-test-plugin-result-listener-gradle,debugUnitTestCompileClasspath,debugUnitTestRuntimeClasspath,releaseUnitTestCompileClasspath,releaseUnitTestRuntimeClasspath,testImplementationDependenciesMetadata
com.google.guava:listenablefuture:1.0=androidTestImplementationDependenciesMetadata,debugAndroidTestCompileClasspath,debugAndroidTestRuntimeClasspath
com.google.guava:listenablefuture:9999.0-empty-to-avoid-conflict-with-guava=_internal-unified-test-platform-android-device-provider-ddmlib,_internal-unified-test-platform-android-device-provider-gradle,_internal-unified-test-platform-android-test-plugin-host-additional-test-output,_internal-unified-test-platform-android-test-plugin-host-apk-installer,_internal-unified-test-platform-android-test-plugin-host-coverage,_internal-unified-test-platform-android-test-plugin-host-device-info,_internal-unified-test-platform-android-test-plugin-host-emulator-control,_internal-unified-test-platform-android-test-plugin-host-logcat,_internal-unified-test-platform-android-test-plugin-host-retention,_internal-unified-test-platform-android-test-plugin-result-listener-gradle,debugUnitTestCompileClasspath,debugUnitTestRuntimeClasspath,releaseUnitTestCompileClasspath,releaseUnitTestRuntimeClasspath,testImplementationDependenciesMetadata
com.google.j2objc:j2objc-annotations:2.8=_internal-unified-test-platform-android-device-provider-ddmlib,_internal-unified-test-platform-android-device-provider-gradle,_internal-unified-test-platform-android-test-plugin-host-additional-test-output,_internal-unified-test-platform-android-test-plugin-host-apk-installer,_internal-unified-test-platform-android-test-plugin-host-coverage,_internal-unified-test-platform-android-test-plugin-host-device-info,_internal-unified-test-platform-android-test-plugin-host-emulator-control,_internal-unified-test-platform-android-test-plugin-host-logcat,_internal-unified-test-platform-android-test-plugin-host-retention,_internal-unified-test-platform-android-test-plugin-result-listener-gradle,debugUnitTestCompileClasspath,debugUnitTestRuntimeClasspath,releaseUnitTestCompileClasspath,releaseUnitTestRuntimeClasspath,testImplementationDependenciesMetadata
com.google.protobuf:protobuf-java:3.25.5=_internal-unified-test-platform-android-device-provider-ddmlib,_internal-unified-test-platform-android-device-provider-gradle,_internal-unified-test-platform-android-test-plugin-host-additional-test-output,_internal-unified-test-platform-android-test-plugin-host-apk-installer,_internal-unified-test-platform-android-test-plugin-host-coverage,_internal-unified-test-platform-android-test-plugin-host-device-info,_internal-unified-test-platform-android-test-plugin-host-emulator-control,_internal-unified-test-platform-android-test-plugin-host-logcat,_internal-unified-test-platform-android-test-plugin-host-retention,_internal-unified-test-platform-android-test-plugin-result-listener-gradle
com.google.testing.platform:android-device-provider-local:0.0.9-alpha02=_internal-unified-test-platform-android-device-provider-ddmlib,_internal-unified-test-platform-android-device-provider-gradle,_internal-unified-test-platform-android-test-plugin-host-additional-test-output,_internal-unified-test-platform-android-test-plugin-host-apk-installer,_internal-unified-test-platform-android-test-plugin-host-coverage,_internal-unified-test-platform-android-test-plugin-host-device-info,_internal-unified-test-platform-android-test-plugin-host-emulator-control,_internal-unified-test-platform-android-test-plugin-host-logcat,_internal-unified-test-platform-android-test-plugin-host-retention,_internal-unified-test-platform-android-test-plugin-result-listener-gradle
com.google.testing.platform:android-driver-instrumentation:0.0.9-alpha02=_internal-unified-test-platform-android-driver-instrumentation,_internal-unified-test-platform-android-test-plugin-host-emulator-control
com.google.testing.platform:android-test-plugin:0.0.9-alpha02=_internal-unified-test-platform-android-test-plugin
com.google.testing.platform:core-proto:0.0.9-alpha02=_internal-unified-test-platform-android-device-provider-ddmlib,_internal-unified-test-platform-android-device-provider-gradle,_internal-unified-test-platform-android-test-plugin-host-apk-installer,_internal-unified-test-platform-android-test-plugin-result-listener-gradle
com.google.testing.platform:core:0.0.9-alpha02=_internal-unified-test-platform-core
com.google.testing.platform:launcher:0.0.9-alpha02=_internal-unified-test-platform-android-test-plugin-host-additional-test-output,_internal-unified-test-platform-android-test-plugin-host-device-info,_internal-unified-test-platform-android-test-plugin-host-logcat,_internal-unified-test-platform-android-test-plugin-host-retention,_internal-unified-test-platform-launcher
com.ibm.icu:icu4j:74.2=debugUnitTestCompileClasspath,debugUnitTestRuntimeClasspath,releaseUnitTestCompileClasspath,releaseUnitTestRuntimeClasspath,testImplementationDependenciesMetadata
com.squareup:javawriter:2.1.1=androidTestImplementationDependenciesMetadata,debugAndroidTestCompileClasspath,debugAndroidTestRuntimeClasspath
commons-io:commons-io:2.14.0=_internal-unified-test-platform-android-test-plugin-host-emulator-control,_internal-unified-test-platform-android-test-plugin-host-retention
io.grpc:grpc-api:1.57.0=_internal-unified-test-platform-android-test-plugin-host-emulator-control,_internal-unified-test-platform-android-test-plugin-host-retention,_internal-unified-test-platform-android-test-plugin-result-listener-gradle
io.grpc:grpc-context:1.57.0=_internal-unified-test-platform-android-test-plugin-host-emulator-control,_internal-unified-test-platform-android-test-plugin-host-retention,_internal-unified-test-platform-android-test-plugin-result-listener-gradle
io.grpc:grpc-core:1.57.0=_internal-unified-test-platform-android-test-plugin-host-emulator-control,_internal-unified-test-platform-android-test-plugin-host-retention,_internal-unified-test-platform-android-test-plugin-result-listener-gradle
io.grpc:grpc-netty:1.57.0=_internal-unified-test-platform-android-test-plugin-host-emulator-control,_internal-unified-test-platform-android-test-plugin-host-retention,_internal-unified-test-platform-android-test-plugin-result-listener-gradle
io.grpc:grpc-protobuf-lite:1.57.0=_internal-unified-test-platform-android-test-plugin-host-emulator-control,_internal-unified-test-platform-android-test-plugin-host-retention,_internal-unified-test-platform-android-test-plugin-result-listener-gradle
io.grpc:grpc-protobuf:1.57.0=_internal-unified-test-platform-android-test-plugin-host-emulator-control,_internal-unified-test-platform-android-test-plugin-host-retention,_internal-unified-test-platform-android-test-plugin-result-listener-gradle
io.grpc:grpc-stub:1.57.0=_internal-unified-test-platform-android-test-plugin-host-emulator-control,_internal-unified-test-platform-android-test-plugin-host-retention,_internal-unified-test-platform-android-test-plugin-result-listener-gradle
io.netty:netty-buffer:4.1.132.Final=_internal-unified-test-platform-android-test-plugin-host-emulator-control,_internal-unified-test-platform-android-test-plugin-host-retention,_internal-unified-test-platform-android-test-plugin-result-listener-gradle,debugAndroidTestCompileClasspath,debugAndroidTestRuntimeClasspath,debugCompileClasspath,debugRuntimeClasspath,debugUnitTestCompileClasspath,debugUnitTestRuntimeClasspath,implementationDependenciesMetadata,releaseCompileClasspath,releaseRuntimeClasspath,releaseUnitTestCompileClasspath,releaseUnitTestRuntimeClasspath
io.netty:netty-codec-http2:4.1.132.Final=_internal-unified-test-platform-android-test-plugin-host-emulator-control,_internal-unified-test-platform-android-test-plugin-host-retention,_internal-unified-test-platform-android-test-plugin-result-listener-gradle,debugAndroidTestCompileClasspath,debugAndroidTestRuntimeClasspath,debugCompileClasspath,debugRuntimeClasspath,debugUnitTestCompileClasspath,debugUnitTestRuntimeClasspath,implementationDependenciesMetadata,releaseCompileClasspath,releaseRuntimeClasspath,releaseUnitTestCompileClasspath,releaseUnitTestRuntimeClasspath
io.netty:netty-codec-http:4.1.132.Final=_internal-unified-test-platform-android-test-plugin-host-emulator-control,_internal-unified-test-platform-android-test-plugin-host-retention,_internal-unified-test-platform-android-test-plugin-result-listener-gradle,debugAndroidTestCompileClasspath,debugAndroidTestRuntimeClasspath,debugCompileClasspath,debugRuntimeClasspath,debugUnitTestCompileClasspath,debugUnitTestRuntimeClasspath,implementationDependenciesMetadata,releaseCompileClasspath,releaseRuntimeClasspath,releaseUnitTestCompileClasspath,releaseUnitTestRuntimeClasspath
io.netty:netty-codec-socks:4.1.132.Final=_internal-unified-test-platform-android-test-plugin-host-emulator-control,_internal-unified-test-platform-android-test-plugin-host-retention,_internal-unified-test-platform-android-test-plugin-result-listener-gradle,debugAndroidTestCompileClasspath,debugAndroidTestRuntimeClasspath,debugCompileClasspath,debugRuntimeClasspath,debugUnitTestCompileClasspath,debugUnitTestRuntimeClasspath,implementationDependenciesMetadata,releaseCompileClasspath,releaseRuntimeClasspath,releaseUnitTestCompileClasspath,releaseUnitTestRuntimeClasspath
io.netty:netty-codec:4.1.132.Final=_internal-unified-test-platform-android-test-plugin-host-emulator-control,_internal-unified-test-platform-android-test-plugin-host-retention,_internal-unified-test-platform-android-test-plugin-result-listener-gradle,debugAndroidTestCompileClasspath,debugAndroidTestRuntimeClasspath,debugCompileClasspath,debugRuntimeClasspath,debugUnitTestCompileClasspath,debugUnitTestRuntimeClasspath,implementationDependenciesMetadata,releaseCompileClasspath,releaseRuntimeClasspath,releaseUnitTestCompileClasspath,releaseUnitTestRuntimeClasspath
io.netty:netty-common:4.1.132.Final=_internal-unified-test-platform-android-test-plugin-host-emulator-control,_internal-unified-test-platform-android-test-plugin-host-retention,_internal-unified-test-platform-android-test-plugin-result-listener-gradle,debugAndroidTestCompileClasspath,debugAndroidTestRuntimeClasspath,debugCompileClasspath,debugRuntimeClasspath,debugUnitTestCompileClasspath,debugUnitTestRuntimeClasspath,implementationDependenciesMetadata,releaseCompileClasspath,releaseRuntimeClasspath,releaseUnitTestCompileClasspath,releaseUnitTestRuntimeClasspath
io.netty:netty-handler-proxy:4.1.132.Final=_internal-unified-test-platform-android-test-plugin-host-emulator-control,_internal-unified-test-platform-android-test-plugin-host-retention,_internal-unified-test-platform-android-test-plugin-result-listener-gradle,debugAndroidTestCompileClasspath,debugAndroidTestRuntimeClasspath,debugCompileClasspath,debugRuntimeClasspath,debugUnitTestCompileClasspath,debugUnitTestRuntimeClasspath,implementationDependenciesMetadata,releaseCompileClasspath,releaseRuntimeClasspath,releaseUnitTestCompileClasspath,releaseUnitTestRuntimeClasspath
io.netty:netty-handler:4.1.132.Final=_internal-unified-test-platform-android-test-plugin-host-emulator-control,_internal-unified-test-platform-android-test-plugin-host-retention,_internal-unified-test-platform-android-test-plugin-result-listener-gradle,debugAndroidTestCompileClasspath,debugAndroidTestRuntimeClasspath,debugCompileClasspath,debugRuntimeClasspath,debugUnitTestCompileClasspath,debugUnitTestRuntimeClasspath,implementationDependenciesMetadata,releaseCompileClasspath,releaseRuntimeClasspath,releaseUnitTestCompileClasspath,releaseUnitTestRuntimeClasspath
io.netty:netty-resolver:4.1.132.Final=_internal-unified-test-platform-android-test-plugin-host-emulator-control,_internal-unified-test-platform-android-test-plugin-host-retention,_internal-unified-test-platform-android-test-plugin-result-listener-gradle,debugAndroidTestCompileClasspath,debugAndroidTestRuntimeClasspath,debugCompileClasspath,debugRuntimeClasspath,debugUnitTestCompileClasspath,debugUnitTestRuntimeClasspath,implementationDependenciesMetadata,releaseCompileClasspath,releaseRuntimeClasspath,releaseUnitTestCompileClasspath,releaseUnitTestRuntimeClasspath
io.netty:netty-transport-native-unix-common:4.1.132.Final=_internal-unified-test-platform-android-test-plugin-host-emulator-control,_internal-unified-test-platform-android-test-plugin-host-retention,_internal-unified-test-platform-android-test-plugin-result-listener-gradle,debugAndroidTestCompileClasspath,debugAndroidTestRuntimeClasspath,debugCompileClasspath,debugRuntimeClasspath,debugUnitTestCompileClasspath,debugUnitTestRuntimeClasspath,implementationDependenciesMetadata,releaseCompileClasspath,releaseRuntimeClasspath,releaseUnitTestCompileClasspath,releaseUnitTestRuntimeClasspath
io.netty:netty-transport:4.1.132.Final=_internal-unified-test-platform-android-test-plugin-host-emulator-control,_internal-unified-test-platform-android-test-plugin-host-retention,_internal-unified-test-platform-android-test-plugin-result-listener-gradle,debugAndroidTestCompileClasspath,debugAndroidTestRuntimeClasspath,debugCompileClasspath,debugRuntimeClasspath,debugUnitTestCompileClasspath,debugUnitTestRuntimeClasspath,implementationDependenciesMetadata,releaseCompileClasspath,releaseRuntimeClasspath,releaseUnitTestCompileClasspath,releaseUnitTestRuntimeClasspath
io.perfmark:perfmark-api:0.26.0=_internal-unified-test-platform-android-test-plugin-host-emulator-control,_internal-unified-test-platform-android-test-plugin-host-retention,_internal-unified-test-platform-android-test-plugin-result-listener-gradle
javax.annotation:javax.annotation-api:1.3.2=_internal-unified-test-platform-android-test-plugin-host-emulator-control,_internal-unified-test-platform-android-test-plugin-host-retention,_internal-unified-test-platform-android-test-plugin-result-listener-gradle,debugUnitTestCompileClasspath,debugUnitTestRuntimeClasspath,releaseUnitTestCompileClasspath,releaseUnitTestRuntimeClasspath,testImplementationDependenciesMetadata
javax.inject:javax.inject:1=androidTestImplementationDependenciesMetadata,debugAndroidTestCompileClasspath,debugAndroidTestRuntimeClasspath,debugUnitTestCompileClasspath,debugUnitTestRuntimeClasspath,releaseUnitTestCompileClasspath,releaseUnitTestRuntimeClasspath,testImplementationDependenciesMetadata
junit:junit:4.13.2=androidTestImplementationDependenciesMetadata,debugAndroidTestCompileClasspath,debugAndroidTestRuntimeClasspath,debugUnitTestCompileClasspath,debugUnitTestRuntimeClasspath,releaseUnitTestCompileClasspath,releaseUnitTestRuntimeClasspath,testImplementationDependenciesMetadata
net.java.dev.jna:jna-platform:5.6.0=_internal-unified-test-platform-android-device-provider-ddmlib,_internal-unified-test-platform-android-device-provider-gradle,_internal-unified-test-platform-android-test-plugin-host-additional-test-output,_internal-unified-test-platform-android-test-plugin-host-apk-installer,_internal-unified-test-platform-android-test-plugin-host-coverage,_internal-unified-test-platform-android-test-plugin-host-device-info,_internal-unified-test-platform-android-test-plugin-host-emulator-control,_internal-unified-test-platform-android-test-plugin-host-logcat,_internal-unified-test-platform-android-test-plugin-host-retention,_internal-unified-test-platform-android-test-plugin-result-listener-gradle
net.java.dev.jna:jna:5.6.0=_internal-unified-test-platform-android-device-provider-ddmlib,_internal-unified-test-platform-android-device-provider-gradle,_internal-unified-test-platform-android-test-plugin-host-additional-test-output,_internal-unified-test-platform-android-test-plugin-host-apk-installer,_internal-unified-test-platform-android-test-plugin-host-coverage,_internal-unified-test-platform-android-test-plugin-host-device-info,_internal-unified-test-platform-android-test-plugin-host-emulator-control,_internal-unified-test-platform-android-test-plugin-host-logcat,_internal-unified-test-platform-android-test-plugin-host-retention,_internal-unified-test-platform-android-test-plugin-result-listener-gradle
net.sf.kxml:kxml2:2.3.0=_internal-unified-test-platform-android-device-provider-ddmlib
org.bouncycastle:bcprov-jdk18on:1.78=debugAndroidTestCompileClasspath,debugAndroidTestRuntimeClasspath,debugCompileClasspath,debugRuntimeClasspath,debugUnitTestCompileClasspath,debugUnitTestRuntimeClasspath,implementationDependenciesMetadata,releaseCompileClasspath,releaseRuntimeClasspath,releaseUnitTestCompileClasspath,releaseUnitTestRuntimeClasspath,testImplementationDependenciesMetadata
org.checkerframework:checker-qual:3.33.0=_internal-unified-test-platform-android-device-provider-ddmlib,_internal-unified-test-platform-android-device-provider-gradle,_internal-unified-test-platform-android-test-plugin-host-additional-test-output,_internal-unified-test-platform-android-test-plugin-host-apk-installer,_internal-unified-test-platform-android-test-plugin-host-coverage,_internal-unified-test-platform-android-test-plugin-host-device-info,_internal-unified-test-platform-android-test-plugin-host-emulator-control,_internal-unified-test-platform-android-test-plugin-host-logcat,_internal-unified-test-platform-android-test-plugin-host-retention,_internal-unified-test-platform-android-test-plugin-result-listener-gradle,debugUnitTestCompileClasspath,debugUnitTestRuntimeClasspath,releaseUnitTestCompileClasspath,releaseUnitTestRuntimeClasspath,testImplementationDependenciesMetadata
org.codehaus.mojo:animal-sniffer-annotations:1.23=_internal-unified-test-platform-android-test-plugin-host-emulator-control,_internal-unified-test-platform-android-test-plugin-host-retention,_internal-unified-test-platform-android-test-plugin-result-listener-gradle
org.conscrypt:conscrypt-openjdk-uber:2.5.2=debugUnitTestRuntimeClasspath,releaseUnitTestRuntimeClasspath
org.hamcrest:hamcrest-core:1.3=androidTestImplementationDependenciesMetadata,debugAndroidTestCompileClasspath,debugAndroidTestRuntimeClasspath,debugUnitTestCompileClasspath,debugUnitTestRuntimeClasspath,releaseUnitTestCompileClasspath,releaseUnitTestRuntimeClasspath,testImplementationDependenciesMetadata
org.hamcrest:hamcrest-integration:1.3=androidTestImplementationDependenciesMetadata,debugAndroidTestCompileClasspath,debugAndroidTestRuntimeClasspath
org.hamcrest:hamcrest-library:1.3=androidTestImplementationDependenciesMetadata,debugAndroidTestCompileClasspath,debugAndroidTestRuntimeClasspath
org.jacoco:org.jacoco.agent:0.8.12=androidJacocoAnt,jacocoAgent,jacocoAnt
org.jacoco:org.jacoco.ant:0.8.12=androidJacocoAnt,jacocoAnt
org.jacoco:org.jacoco.core:0.8.12=androidJacocoAnt,jacocoAnt
org.jacoco:org.jacoco.report:0.8.12=androidJacocoAnt,jacocoAnt
org.jetbrains.intellij.deps:trove4j:1.0.20200330=kotlinBuildToolsApiClasspath,kotlinCompilerClasspath,kotlinKlibCommonizerClasspath
org.jetbrains.kotlin:kotlin-build-common:2.0.21=kotlinBuildToolsApiClasspath
org.jetbrains.kotlin:kotlin-build-tools-api:2.0.21=kotlinBuildToolsApiClasspath
org.jetbrains.kotlin:kotlin-build-tools-impl:2.0.21=kotlinBuildToolsApiClasspath
org.jetbrains.kotlin:kotlin-compiler-embeddable:2.0.21=kotlinBuildToolsApiClasspath,kotlinCompilerClasspath,kotlinKlibCommonizerClasspath
org.jetbrains.kotlin:kotlin-compiler-runner:2.0.21=kotlinBuildToolsApiClasspath
org.jetbrains.kotlin:kotlin-daemon-client:2.0.21=kotlinBuildToolsApiClasspath
org.jetbrains.kotlin:kotlin-daemon-embeddable:2.0.21=kotlinBuildToolsApiClasspath,kotlinCompilerClasspath,kotlinKlibCommonizerClasspath
org.jetbrains.kotlin:kotlin-klib-commonizer-embeddable:2.0.21=kotlinKlibCommonizerClasspath
org.jetbrains.kotlin:kotlin-native-prebuilt:2.0.21=kotlinNativeBundleConfiguration
org.jetbrains.kotlin:kotlin-reflect:1.6.10=kotlinBuildToolsApiClasspath,kotlinCompilerClasspath,kotlinKlibCommonizerClasspath
org.jetbrains.kotlin:kotlin-script-runtime:2.0.21=kotlinBuildToolsApiClasspath,kotlinCompilerClasspath,kotlinKlibCommonizerClasspath
org.jetbrains.kotlin:kotlin-scripting-common:2.0.21=kotlinBuildToolsApiClasspath
org.jetbrains.kotlin:kotlin-scripting-compiler-embeddable:2.0.21=kotlinBuildToolsApiClasspath
org.jetbrains.kotlin:kotlin-scripting-compiler-impl-embeddable:2.0.21=kotlinBuildToolsApiClasspath
org.jetbrains.kotlin:kotlin-scripting-jvm:2.0.21=kotlinBuildToolsApiClasspath
org.jetbrains.kotlin:kotlin-stdlib-common:1.7.10=androidTestImplementationDependenciesMetadata
org.jetbrains.kotlin:kotlin-stdlib-common:1.9.20=_internal-unified-test-platform-android-device-provider-ddmlib,_internal-unified-test-platform-android-test-plugin-host-emulator-control,_internal-unified-test-platform-android-test-plugin-host-retention,_internal-unified-test-platform-android-test-plugin-result-listener-gradle
org.jetbrains.kotlin:kotlin-stdlib-jdk7:1.9.20=_internal-unified-test-platform-android-device-provider-ddmlib,_internal-unified-test-platform-android-device-provider-gradle,_internal-unified-test-platform-android-test-plugin-host-additional-test-output,_internal-unified-test-platform-android-test-plugin-host-apk-installer,_internal-unified-test-platform-android-test-plugin-host-coverage,_internal-unified-test-platform-android-test-plugin-host-device-info,_internal-unified-test-platform-android-test-plugin-host-emulator-control,_internal-unified-test-platform-android-test-plugin-host-logcat,_internal-unified-test-platform-android-test-plugin-host-retention,_internal-unified-test-platform-android-test-plugin-result-listener-gradle
org.jetbrains.kotlin:kotlin-stdlib-jdk8:1.9.20=_internal-unified-test-platform-android-device-provider-ddmlib,_internal-unified-test-platform-android-device-provider-gradle,_internal-unified-test-platform-android-test-plugin-host-additional-test-output,_internal-unified-test-platform-android-test-plugin-host-apk-installer,_internal-unified-test-platform-android-test-plugin-host-coverage,_internal-unified-test-platform-android-test-plugin-host-device-info,_internal-unified-test-platform-android-test-plugin-host-emulator-control,_internal-unified-test-platform-android-test-plugin-host-logcat,_internal-unified-test-platform-android-test-plugin-host-retention,_internal-unified-test-platform-android-test-plugin-result-listener-gradle
org.jetbrains.kotlin:kotlin-stdlib:1.7.10=androidTestImplementationDependenciesMetadata
org.jetbrains.kotlin:kotlin-stdlib:1.9.20=_internal-unified-test-platform-android-device-provider-ddmlib,_internal-unified-test-platform-android-device-provider-gradle,_internal-unified-test-platform-android-test-plugin-host-additional-test-output,_internal-unified-test-platform-android-test-plugin-host-apk-installer,_internal-unified-test-platform-android-test-plugin-host-coverage,_internal-unified-test-platform-android-test-plugin-host-device-info,_internal-unified-test-platform-android-test-plugin-host-emulator-control,_internal-unified-test-platform-android-test-plugin-host-logcat,_internal-unified-test-platform-android-test-plugin-host-retention,_internal-unified-test-platform-android-test-plugin-result-listener-gradle
org.jetbrains.kotlin:kotlin-stdlib:2.0.21=apiDependenciesMetadata,debugAndroidTestCompileClasspath,debugAndroidTestRuntimeClasspath,debugCompileClasspath,debugRuntimeClasspath,debugUnitTestCompileClasspath,debugUnitTestRuntimeClasspath,implementationDependenciesMetadata,kotlinBuildToolsApiClasspath,kotlinCompilerClasspath,kotlinKlibCommonizerClasspath,releaseCompileClasspath,releaseRuntimeClasspath,releaseUnitTestCompileClasspath,releaseUnitTestRuntimeClasspath
org.jetbrains.kotlinx:kotlinx-coroutines-bom:1.6.4=_internal-unified-test-platform-android-device-provider-ddmlib,_internal-unified-test-platform-android-test-plugin-host-emulator-control,_internal-unified-test-platform-android-test-plugin-host-retention,_internal-unified-test-platform-android-test-plugin-result-listener-gradle
org.jetbrains.kotlinx:kotlinx-coroutines-core-jvm:1.6.4=_internal-unified-test-platform-android-device-provider-ddmlib,_internal-unified-test-platform-android-test-plugin-host-emulator-control,_internal-unified-test-platform-android-test-plugin-host-retention,_internal-unified-test-platform-android-test-plugin-result-listener-gradle,kotlinBuildToolsApiClasspath,kotlinCompilerClasspath,kotlinKlibCommonizerClasspath
org.jetbrains.kotlinx:kotlinx-coroutines-core:1.6.4=_internal-unified-test-platform-android-device-provider-ddmlib,_internal-unified-test-platform-android-test-plugin-host-emulator-control,_internal-unified-test-platform-android-test-plugin-host-retention,_internal-unified-test-platform-android-test-plugin-result-listener-gradle
org.jetbrains:annotations:13.0=_internal-unified-test-platform-android-device-provider-gradle,_internal-unified-test-platform-android-test-plugin-host-additional-test-output,_internal-unified-test-platform-android-test-plugin-host-apk-installer,_internal-unified-test-platform-android-test-plugin-host-coverage,_internal-unified-test-platform-android-test-plugin-host-device-info,_internal-unified-test-platform-android-test-plugin-host-emulator-control,_internal-unified-test-platform-android-test-plugin-host-logcat,_internal-unified-test-platform-android-test-plugin-host-retention,_internal-unified-test-platform-android-test-plugin-result-listener-gradle,androidTestImplementationDependenciesMetadata,debugAndroidTestCompileClasspath,debugAndroidTestRuntimeClasspath,debugCompileClasspath,debugRuntimeClasspath,debugUnitTestCompileClasspath,debugUnitTestRuntimeClasspath,kotlinBuildToolsApiClasspath,kotlinCompilerClasspath,kotlinKlibCommonizerClasspath,releaseCompileClasspath,releaseRuntimeClasspath,releaseUnitTestCompileClasspath,releaseUnitTestRuntimeClasspath
org.jetbrains:annotations:23.0.0=_internal-unified-test-platform-android-device-provider-ddmlib
org.ow2.asm:asm-analysis:9.7=debugUnitTestCompileClasspath,debugUnitTestRuntimeClasspath,releaseUnitTestCompileClasspath,releaseUnitTestRuntimeClasspath,testImplementationDependenciesMetadata
org.ow2.asm:asm-commons:9.7=androidJacocoAnt,debugUnitTestCompileClasspath,debugUnitTestRuntimeClasspath,jacocoAnt,releaseUnitTestCompileClasspath,releaseUnitTestRuntimeClasspath,testImplementationDependenciesMetadata
org.ow2.asm:asm-tree:9.7=androidJacocoAnt,debugUnitTestCompileClasspath,debugUnitTestRuntimeClasspath,jacocoAnt,releaseUnitTestCompileClasspath,releaseUnitTestRuntimeClasspath,testImplementationDependenciesMetadata
org.ow2.asm:asm-util:9.7=debugUnitTestCompileClasspath,debugUnitTestRuntimeClasspath,releaseUnitTestCompileClasspath,releaseUnitTestRuntimeClasspath,testImplementationDependenciesMetadata
org.ow2.asm:asm:9.7=androidJacocoAnt,debugUnitTestCompileClasspath,debugUnitTestRuntimeClasspath,jacocoAnt,releaseUnitTestCompileClasspath,releaseUnitTestRuntimeClasspath,testImplementationDependenciesMetadata
org.robolectric:annotations:4.12.2=debugUnitTestCompileClasspath,debugUnitTestRuntimeClasspath,releaseUnitTestCompileClasspath,releaseUnitTestRuntimeClasspath,testImplementationDependenciesMetadata
org.robolectric:junit:4.12.2=debugUnitTestCompileClasspath,debugUnitTestRuntimeClasspath,releaseUnitTestCompileClasspath,releaseUnitTestRuntimeClasspath,testImplementationDependenciesMetadata
org.robolectric:nativeruntime-dist-compat:1.0.10=debugUnitTestRuntimeClasspath,releaseUnitTestRuntimeClasspath
org.robolectric:nativeruntime:4.12.2=debugUnitTestCompileClasspath,debugUnitTestRuntimeClasspath,releaseUnitTestCompileClasspath,releaseUnitTestRuntimeClasspath,testImplementationDependenciesMetadata
org.robolectric:pluginapi:4.12.2=debugUnitTestCompileClasspath,debugUnitTestRuntimeClasspath,releaseUnitTestCompileClasspath,releaseUnitTestRuntimeClasspath,testImplementationDependenciesMetadata
org.robolectric:plugins-maven-dependency-resolver:4.12.2=debugUnitTestCompileClasspath,debugUnitTestRuntimeClasspath,releaseUnitTestCompileClasspath,releaseUnitTestRuntimeClasspath,testImplementationDependenciesMetadata
org.robolectric:resources:4.12.2=debugUnitTestCompileClasspath,debugUnitTestRuntimeClasspath,releaseUnitTestCompileClasspath,releaseUnitTestRuntimeClasspath,testImplementationDependenciesMetadata
org.robolectric:robolectric:4.12.2=debugUnitTestCompileClasspath,debugUnitTestRuntimeClasspath,releaseUnitTestCompileClasspath,releaseUnitTestRuntimeClasspath,testImplementationDependenciesMetadata
org.robolectric:sandbox:4.12.2=debugUnitTestCompileClasspath,debugUnitTestRuntimeClasspath,releaseUnitTestCompileClasspath,releaseUnitTestRuntimeClasspath,testImplementationDependenciesMetadata
org.robolectric:shadowapi:4.12.2=debugUnitTestCompileClasspath,debugUnitTestRuntimeClasspath,releaseUnitTestCompileClasspath,releaseUnitTestRuntimeClasspath,testImplementationDependenciesMetadata
org.robolectric:shadows-framework:4.12.2=debugUnitTestCompileClasspath,debugUnitTestRuntimeClasspath,releaseUnitTestCompileClasspath,releaseUnitTestRuntimeClasspath,testImplementationDependenciesMetadata
org.robolectric:shadows-versioning:4.12.2=debugUnitTestCompileClasspath,debugUnitTestRuntimeClasspath,releaseUnitTestCompileClasspath,releaseUnitTestRuntimeClasspath,testImplementationDependenciesMetadata
org.robolectric:utils-reflector:4.12.2=debugUnitTestCompileClasspath,debugUnitTestRuntimeClasspath,releaseUnitTestCompileClasspath,releaseUnitTestRuntimeClasspath,testImplementationDependenciesMetadata
org.robolectric:utils:4.12.2=debugUnitTestCompileClasspath,debugUnitTestRuntimeClasspath,releaseUnitTestCompileClasspath,releaseUnitTestRuntimeClasspath,testImplementationDependenciesMetadata
empty=androidApis,androidJdkImage,androidTestApiDependenciesMetadata,androidTestCompileOnlyDependenciesMetadata,androidTestDebugApiDependenciesMetadata,androidTestDebugCompileOnlyDependenciesMetadata,androidTestDebugImplementationDependenciesMetadata,androidTestDebugIntransitiveDependenciesMetadata,androidTestIntransitiveDependenciesMetadata,androidTestReleaseApiDependenciesMetadata,androidTestReleaseCompileOnlyDependenciesMetadata,androidTestReleaseImplementationDependenciesMetadata,androidTestReleaseIntransitiveDependenciesMetadata,androidTestUtil,compileOnlyDependenciesMetadata,coreLibraryDesugaring,debugAndroidTestAnnotationProcessorClasspath,debugAndroidTestApiDependenciesMetadata,debugAndroidTestCompileOnlyDependenciesMetadata,debugAndroidTestImplementationDependenciesMetadata,debugAndroidTestIntransitiveDependenciesMetadata,debugAnnotationProcessorClasspath,debugApiDependenciesMetadata,debugCompileOnlyDependenciesMetadata,debugImplementationDependenciesMetadata,debugIntransitiveDependenciesMetadata,debugUnitTestAnnotationProcessorClasspath,debugUnitTestApiDependenciesMetadata,debugUnitTestCompileOnlyDependenciesMetadata,debugUnitTestImplementationDependenciesMetadata,debugUnitTestIntransitiveDependenciesMetadata,intransitiveDependenciesMetadata,kotlinCompilerPluginClasspath,kotlinCompilerPluginClasspathDebug,kotlinCompilerPluginClasspathDebugAndroidTest,kotlinCompilerPluginClasspathDebugUnitTest,kotlinCompilerPluginClasspathRelease,kotlinCompilerPluginClasspathReleaseUnitTest,kotlinNativeCompilerPluginClasspath,lintChecks,lintPublish,releaseAnnotationProcessorClasspath,releaseApiDependenciesMetadata,releaseCompileOnlyDependenciesMetadata,releaseImplementationDependenciesMetadata,releaseIntransitiveDependenciesMetadata,releaseUnitTestAnnotationProcessorClasspath,releaseUnitTestApiDependenciesMetadata,releaseUnitTestCompileOnlyDependenciesMetadata,releaseUnitTestImplementationDependenciesMetadata,releaseUnitTestIntransitiveDependenciesMetadata,testApiDependenciesMetadata,testCompileOnlyDependenciesMetadata,testDebugApiDependenciesMetadata,testDebugCompileOnlyDependenciesMetadata,testDebugImplementationDependenciesMetadata,testDebugIntransitiveDependenciesMetadata,testFixturesApiDependenciesMetadata,testFixturesCompileOnlyDependenciesMetadata,testFixturesDebugApiDependenciesMetadata,testFixturesDebugCompileOnlyDependenciesMetadata,testFixturesDebugImplementationDependenciesMetadata,testFixturesDebugIntransitiveDependenciesMetadata,testFixturesImplementationDependenciesMetadata,testFixturesIntransitiveDependenciesMetadata,testFixturesReleaseApiDependenciesMetadata,testFixturesReleaseCompileOnlyDependenciesMetadata,testFixturesReleaseImplementationDependenciesMetadata,testFixturesReleaseIntransitiveDependenciesMetadata,testIntransitiveDependenciesMetadata,testReleaseApiDependenciesMetadata,testReleaseCompileOnlyDependenciesMetadata,testReleaseImplementationDependenciesMetadata,testReleaseIntransitiveDependenciesMetadata
