// !$*UTF8*$!
{
	archiveVersion = 1;
	classes = {
	};
	objectVersion = 60;
	objects = {

/* Begin PBXBuildFile section */
		2F19AD592B2683AE00FF6075 /* ConnectorView.swift in Sources */ = {isa = PBXBuildFile; fileRef = 2F19AD582B2683AE00FF6075 /* ConnectorView.swift */; };
		2F8C74752B26661600E46284 /* ExampleSwiftUIApp.swift in Sources */ = {isa = PBXBuildFile; fileRef = 2F8C74742B26661600E46284 /* ExampleSwiftUIApp.swift */; };
		2F8C74772B26661600E46284 /* HomeView.swift in Sources */ = {isa = PBXBuildFile; fileRef = 2F8C74762B26661600E46284 /* HomeView.swift */; };
		2F8C74792B26661700E46284 /* Assets.xcassets in Resources */ = {isa = PBXBuildFile; fileRef = 2F8C74782B26661700E46284 /* Assets.xcassets */; };
		2F8C747C2B26661700E46284 /* Preview Assets.xcassets in Resources */ = {isa = PBXBuildFile; fileRef = 2F8C747B2B26661700E46284 /* Preview Assets.xcassets */; };
		2F8C74862B26661800E46284 /* ExampleSwiftUITests.swift in Sources */ = {isa = PBXBuildFile; fileRef = 2F8C74852B26661800E46284 /* ExampleSwiftUITests.swift */; };
		2F8C74902B26661800E46284 /* ExampleSwiftUIUITests.swift in Sources */ = {isa = PBXBuildFile; fileRef = 2F8C748F2B26661800E46284 /* ExampleSwiftUIUITests.swift */; };
		2F8C74922B26661800E46284 /* ExampleSwiftUIUITestsLaunchTests.swift in Sources */ = {isa = PBXBuildFile; fileRef = 2F8C74912B26661800E46284 /* ExampleSwiftUIUITestsLaunchTests.swift */; };
		2F8C74A02B26663800E46284 /* QuilttConnector in Frameworks */ = {isa = PBXBuildFile; productRef = 2F8C749F2B26663800E46284 /* QuilttConnector */; };
		2FBAC6A02B44B1E20074E464 /* QuilttConnector in Frameworks */ = {isa = PBXBuildFile; productRef = 2FBAC69F2B44B1E20074E464 /* QuilttConnector */; };
		2FCC1F562B2B7E4B00F035DF /* ContentView.swift in Sources */ = {isa = PBXBuildFile; fileRef = 2FCC1F552B2B7E4B00F035DF /* ContentView.swift */; };
/* End PBXBuildFile section */

/* Begin PBXContainerItemProxy section */
		2F8C74822B26661800E46284 /* PBXContainerItemProxy */ = {
			isa = PBXContainerItemProxy;
			containerPortal = 2F8C74692B26661600E46284 /* Project object */;
			proxyType = 1;
			remoteGlobalIDString = 2F8C74702B26661600E46284;
			remoteInfo = ExampleSwiftUI;
		};
		2F8C748C2B26661800E46284 /* PBXContainerItemProxy */ = {
			isa = PBXContainerItemProxy;
			containerPortal = 2F8C74692B26661600E46284 /* Project object */;
			proxyType = 1;
			remoteGlobalIDString = 2F8C74702B26661600E46284;
			remoteInfo = ExampleSwiftUI;
		};
/* End PBXContainerItemProxy section */

/* Begin PBXFileReference section */
		2F19AD582B2683AE00FF6075 /* ConnectorView.swift */ = {isa = PBXFileReference; lastKnownFileType = sourcecode.swift; path = ConnectorView.swift; sourceTree = "<group>"; };
		2F8C74712B26661600E46284 /* ExampleSwiftUI.app */ = {isa = PBXFileReference; explicitFileType = wrapper.application; includeInIndex = 0; path = ExampleSwiftUI.app; sourceTree = BUILT_PRODUCTS_DIR; };
		2F8C74742B26661600E46284 /* ExampleSwiftUIApp.swift */ = {isa = PBXFileReference; lastKnownFileType = sourcecode.swift; path = ExampleSwiftUIApp.swift; sourceTree = "<group>"; };
		2F8C74762B26661600E46284 /* HomeView.swift */ = {isa = PBXFileReference; lastKnownFileType = sourcecode.swift; path = HomeView.swift; sourceTree = "<group>"; };
		2F8C74782B26661700E46284 /* Assets.xcassets */ = {isa = PBXFileReference; lastKnownFileType = folder.assetcatalog; path = Assets.xcassets; sourceTree = "<group>"; };
		2F8C747B2B26661700E46284 /* Preview Assets.xcassets */ = {isa = PBXFileReference; lastKnownFileType = folder.assetcatalog; path = "Preview Assets.xcassets"; sourceTree = "<group>"; };
		2F8C74812B26661800E46284 /* ExampleSwiftUITests.xctest */ = {isa = PBXFileReference; explicitFileType = wrapper.cfbundle; includeInIndex = 0; path = ExampleSwiftUITests.xctest; sourceTree = BUILT_PRODUCTS_DIR; };
		2F8C74852B26661800E46284 /* ExampleSwiftUITests.swift */ = {isa = PBXFileReference; lastKnownFileType = sourcecode.swift; path = ExampleSwiftUITests.swift; sourceTree = "<group>"; };
		2F8C748B2B26661800E46284 /* ExampleSwiftUIUITests.xctest */ = {isa = PBXFileReference; explicitFileType = wrapper.cfbundle; includeInIndex = 0; path = ExampleSwiftUIUITests.xctest; sourceTree = BUILT_PRODUCTS_DIR; };
		2F8C748F2B26661800E46284 /* ExampleSwiftUIUITests.swift */ = {isa = PBXFileReference; lastKnownFileType = sourcecode.swift; path = ExampleSwiftUIUITests.swift; sourceTree = "<group>"; };
		2F8C74912B26661800E46284 /* ExampleSwiftUIUITestsLaunchTests.swift */ = {isa = PBXFileReference; lastKnownFileType = sourcecode.swift; path = ExampleSwiftUIUITestsLaunchTests.swift; sourceTree = "<group>"; };
		2FCC1F552B2B7E4B00F035DF /* ContentView.swift */ = {isa = PBXFileReference; lastKnownFileType = sourcecode.swift; path = ContentView.swift; sourceTree = "<group>"; };
		2FE2958F2B2902FF00DD7465 /* Info.plist */ = {isa = PBXFileReference; lastKnownFileType = text.plist; path = Info.plist; sourceTree = "<group>"; };
/* End PBXFileReference section */

/* Begin PBXFrameworksBuildPhase section */
		2F8C746E2B26661600E46284 /* Frameworks */ = {
			isa = PBXFrameworksBuildPhase;
			buildActionMask = 2147483647;
			files = (
				2F8C74A02B26663800E46284 /* QuilttConnector in Frameworks */,
				2FBAC6A02B44B1E20074E464 /* QuilttConnector in Frameworks */,
			);
			runOnlyForDeploymentPostprocessing = 0;
		};
		2F8C747E2B26661800E46284 /* Frameworks */ = {
			isa = PBXFrameworksBuildPhase;
			buildActionMask = 2147483647;
			files = (
			);
			runOnlyForDeploymentPostprocessing = 0;
		};
		2F8C74882B26661800E46284 /* Frameworks */ = {
			isa = PBXFrameworksBuildPhase;
			buildActionMask = 2147483647;
			files = (
			);
			runOnlyForDeploymentPostprocessing = 0;
		};
/* End PBXFrameworksBuildPhase section */

/* Begin PBXGroup section */
		2F8C74682B26661600E46284 = {
			isa = PBXGroup;
			children = (
				2F8C74732B26661600E46284 /* ExampleSwiftUI */,
				2F8C74842B26661800E46284 /* ExampleSwiftUITests */,
				2F8C748E2B26661800E46284 /* ExampleSwiftUIUITests */,
				2F8C74722B26661600E46284 /* Products */,
			);
			sourceTree = "<group>";
		};
		2F8C74722B26661600E46284 /* Products */ = {
			isa = PBXGroup;
			children = (
				2F8C74712B26661600E46284 /* ExampleSwiftUI.app */,
				2F8C74812B26661800E46284 /* ExampleSwiftUITests.xctest */,
				2F8C748B2B26661800E46284 /* ExampleSwiftUIUITests.xctest */,
			);
			name = Products;
			sourceTree = "<group>";
		};
		2F8C74732B26661600E46284 /* ExampleSwiftUI */ = {
			isa = PBXGroup;
			children = (
				2FE2958F2B2902FF00DD7465 /* Info.plist */,
				2F8C74742B26661600E46284 /* ExampleSwiftUIApp.swift */,
				2FCC1F552B2B7E4B00F035DF /* ContentView.swift */,
				2F8C74762B26661600E46284 /* HomeView.swift */,
				2F19AD582B2683AE00FF6075 /* ConnectorView.swift */,
				2F8C74782B26661700E46284 /* Assets.xcassets */,
				2F8C747A2B26661700E46284 /* Preview Content */,
			);
			path = ExampleSwiftUI;
			sourceTree = "<group>";
		};
		2F8C747A2B26661700E46284 /* Preview Content */ = {
			isa = PBXGroup;
			children = (
				2F8C747B2B26661700E46284 /* Preview Assets.xcassets */,
			);
			path = "Preview Content";
			sourceTree = "<group>";
		};
		2F8C74842B26661800E46284 /* ExampleSwiftUITests */ = {
			isa = PBXGroup;
			children = (
				2F8C74852B26661800E46284 /* ExampleSwiftUITests.swift */,
			);
			path = ExampleSwiftUITests;
			sourceTree = "<group>";
		};
		2F8C748E2B26661800E46284 /* ExampleSwiftUIUITests */ = {
			isa = PBXGroup;
			children = (
				2F8C748F2B26661800E46284 /* ExampleSwiftUIUITests.swift */,
				2F8C74912B26661800E46284 /* ExampleSwiftUIUITestsLaunchTests.swift */,
			);
			path = ExampleSwiftUIUITests;
			sourceTree = "<group>";
		};
/* End PBXGroup section */

/* Begin PBXNativeTarget section */
		2F8C74702B26661600E46284 /* ExampleSwiftUI */ = {
			isa = PBXNativeTarget;
			buildConfigurationList = 2F8C74952B26661800E46284 /* Build configuration list for PBXNativeTarget "ExampleSwiftUI" */;
			buildPhases = (
				2F8C746D2B26661600E46284 /* Sources */,
				2F8C746E2B26661600E46284 /* Frameworks */,
				2F8C746F2B26661600E46284 /* Resources */,
			);
			buildRules = (
			);
			dependencies = (
			);
			name = ExampleSwiftUI;
			packageProductDependencies = (
				2F8C749F2B26663800E46284 /* QuilttConnector */,
				2FBAC69F2B44B1E20074E464 /* QuilttConnector */,
			);
			productName = ExampleSwiftUI;
			productReference = 2F8C74712B26661600E46284 /* ExampleSwiftUI.app */;
			productType = "com.apple.product-type.application";
		};
		2F8C74802B26661800E46284 /* ExampleSwiftUITests */ = {
			isa = PBXNativeTarget;
			buildConfigurationList = 2F8C74982B26661800E46284 /* Build configuration list for PBXNativeTarget "ExampleSwiftUITests" */;
			buildPhases = (
				2F8C747D2B26661800E46284 /* Sources */,
				2F8C747E2B26661800E46284 /* Frameworks */,
				2F8C747F2B26661800E46284 /* Resources */,
			);
			buildRules = (
			);
			dependencies = (
				2F8C74832B26661800E46284 /* PBXTargetDependency */,
			);
			name = ExampleSwiftUITests;
			productName = ExampleSwiftUITests;
			productReference = 2F8C74812B26661800E46284 /* ExampleSwiftUITests.xctest */;
			productType = "com.apple.product-type.bundle.unit-test";
		};
		2F8C748A2B26661800E46284 /* ExampleSwiftUIUITests */ = {
			isa = PBXNativeTarget;
			buildConfigurationList = 2F8C749B2B26661800E46284 /* Build configuration list for PBXNativeTarget "ExampleSwiftUIUITests" */;
			buildPhases = (
				2F8C74872B26661800E46284 /* Sources */,
				2F8C74882B26661800E46284 /* Frameworks */,
				2F8C74892B26661800E46284 /* Resources */,
			);
			buildRules = (
			);
			dependencies = (
				2F8C748D2B26661800E46284 /* PBXTargetDependency */,
			);
			name = ExampleSwiftUIUITests;
			productName = ExampleSwiftUIUITests;
			productReference = 2F8C748B2B26661800E46284 /* ExampleSwiftUIUITests.xctest */;
			productType = "com.apple.product-type.bundle.ui-testing";
		};
/* End PBXNativeTarget section */

/* Begin PBXProject section */
		2F8C74692B26661600E46284 /* Project object */ = {
			isa = PBXProject;
			attributes = {
				BuildIndependentTargetsInParallel = 1;
				LastSwiftUpdateCheck = 1500;
				LastUpgradeCheck = 1500;
				TargetAttributes = {
					2F8C74702B26661600E46284 = {
						CreatedOnToolsVersion = 15.0.1;
					};
					2F8C74802B26661800E46284 = {
						CreatedOnToolsVersion = 15.0.1;
						TestTargetID = 2F8C74702B26661600E46284;
					};
					2F8C748A2B26661800E46284 = {
						CreatedOnToolsVersion = 15.0.1;
						TestTargetID = 2F8C74702B26661600E46284;
					};
				};
			};
			buildConfigurationList = 2F8C746C2B26661600E46284 /* Build configuration list for PBXProject "ExampleSwiftUI" */;
			compatibilityVersion = "Xcode 14.0";
			developmentRegion = en;
			hasScannedForEncodings = 0;
			knownRegions = (
				en,
				Base,
			);
			mainGroup = 2F8C74682B26661600E46284;
			packageReferences = (
				2FBAC69E2B44B1E10074E464 /* XCLocalSwiftPackageReference ".." */,
			);
			productRefGroup = 2F8C74722B26661600E46284 /* Products */;
			projectDirPath = "";
			projectRoot = "";
			targets = (
				2F8C74702B26661600E46284 /* ExampleSwiftUI */,
				2F8C74802B26661800E46284 /* ExampleSwiftUITests */,
				2F8C748A2B26661800E46284 /* ExampleSwiftUIUITests */,
			);
		};
/* End PBXProject section */

/* Begin PBXResourcesBuildPhase section */
		2F8C746F2B26661600E46284 /* Resources */ = {
			isa = PBXResourcesBuildPhase;
			buildActionMask = 2147483647;
			files = (
				2F8C747C2B26661700E46284 /* Preview Assets.xcassets in Resources */,
				2F8C74792B26661700E46284 /* Assets.xcassets in Resources */,
			);
			runOnlyForDeploymentPostprocessing = 0;
		};
		2F8C747F2B26661800E46284 /* Resources */ = {
			isa = PBXResourcesBuildPhase;
			buildActionMask = 2147483647;
			files = (
			);
			runOnlyForDeploymentPostprocessing = 0;
		};
		2F8C74892B26661800E46284 /* Resources */ = {
			isa = PBXResourcesBuildPhase;
			buildActionMask = 2147483647;
			files = (
			);
			runOnlyForDeploymentPostprocessing = 0;
		};
/* End PBXResourcesBuildPhase section */

/* Begin PBXSourcesBuildPhase section */
		2F8C746D2B26661600E46284 /* Sources */ = {
			isa = PBXSourcesBuildPhase;
			buildActionMask = 2147483647;
			files = (
				2F19AD592B2683AE00FF6075 /* ConnectorView.swift in Sources */,
				2F8C74772B26661600E46284 /* HomeView.swift in Sources */,
				2FCC1F562B2B7E4B00F035DF /* ContentView.swift in Sources */,
				2F8C74752B26661600E46284 /* ExampleSwiftUIApp.swift in Sources */,
			);
			runOnlyForDeploymentPostprocessing = 0;
		};
		2F8C747D2B26661800E46284 /* Sources */ = {
			isa = PBXSourcesBuildPhase;
			buildActionMask = 2147483647;
			files = (
				2F8C74862B26661800E46284 /* ExampleSwiftUITests.swift in Sources */,
			);
			runOnlyForDeploymentPostprocessing = 0;
		};
		2F8C74872B26661800E46284 /* Sources */ = {
			isa = PBXSourcesBuildPhase;
			buildActionMask = 2147483647;
			files = (
				2F8C74902B26661800E46284 /* ExampleSwiftUIUITests.swift in Sources */,
				2F8C74922B26661800E46284 /* ExampleSwiftUIUITestsLaunchTests.swift in Sources */,
			);
			runOnlyForDeploymentPostprocessing = 0;
		};
/* End PBXSourcesBuildPhase section */

/* Begin PBXTargetDependency section */
		2F8C74832B26661800E46284 /* PBXTargetDependency */ = {
			isa = PBXTargetDependency;
			target = 2F8C74702B26661600E46284 /* ExampleSwiftUI */;
			targetProxy = 2F8C74822B26661800E46284 /* PBXContainerItemProxy */;
		};
		2F8C748D2B26661800E46284 /* PBXTargetDependency */ = {
			isa = PBXTargetDependency;
			target = 2F8C74702B26661600E46284 /* ExampleSwiftUI */;
			targetProxy = 2F8C748C2B26661800E46284 /* PBXContainerItemProxy */;
		};
/* End PBXTargetDependency section */

/* Begin XCBuildConfiguration section */
		2F8C74932B26661800E46284 /* Debug */ = {
			isa = XCBuildConfiguration;
			buildSettings = {
				ALWAYS_SEARCH_USER_PATHS = NO;
				ASSETCATALOG_COMPILER_GENERATE_SWIFT_ASSET_SYMBOL_EXTENSIONS = YES;
				CLANG_ANALYZER_NONNULL = YES;
				CLANG_ANALYZER_NUMBER_OBJECT_CONVERSION = YES_AGGRESSIVE;
				CLANG_CXX_LANGUAGE_STANDARD = "gnu++20";
				CLANG_ENABLE_MODULES = YES;
				CLANG_ENABLE_OBJC_ARC = YES;
				CLANG_ENABLE_OBJC_WEAK = YES;
				CLANG_WARN_BLOCK_CAPTURE_AUTORELEASING = YES;
				CLANG_WARN_BOOL_CONVERSION = YES;
				CLANG_WARN_COMMA = YES;
				CLANG_WARN_CONSTANT_CONVERSION = YES;
				CLANG_WARN_DEPRECATED_OBJC_IMPLEMENTATIONS = YES;
				CLANG_WARN_DIRECT_OBJC_ISA_USAGE = YES_ERROR;
				CLANG_WARN_DOCUMENTATION_COMMENTS = YES;
				CLANG_WARN_EMPTY_BODY = YES;
				CLANG_WARN_ENUM_CONVERSION = YES;
				CLANG_WARN_INFINITE_RECURSION = YES;
				CLANG_WARN_INT_CONVERSION = YES;
				CLANG_WARN_NON_LITERAL_NULL_CONVERSION = YES;
				CLANG_WARN_OBJC_IMPLICIT_RETAIN_SELF = YES;
				CLANG_WARN_OBJC_LITERAL_CONVERSION = YES;
				CLANG_WARN_OBJC_ROOT_CLASS = YES_ERROR;
				CLANG_WARN_QUOTED_INCLUDE_IN_FRAMEWORK_HEADER = YES;
				CLANG_WARN_RANGE_LOOP_ANALYSIS = YES;
				CLANG_WARN_STRICT_PROTOTYPES = YES;
				CLANG_WARN_SUSPICIOUS_MOVE = YES;
				CLANG_WARN_UNGUARDED_AVAILABILITY = YES_AGGRESSIVE;
				CLANG_WARN_UNREACHABLE_CODE = YES;
				CLANG_WARN__DUPLICATE_METHOD_MATCH = YES;
				COPY_PHASE_STRIP = NO;
				DEBUG_INFORMATION_FORMAT = dwarf;
				ENABLE_STRICT_OBJC_MSGSEND = YES;
				ENABLE_TESTABILITY = YES;
				ENABLE_USER_SCRIPT_SANDBOXING = YES;
				GCC_C_LANGUAGE_STANDARD = gnu17;
				GCC_DYNAMIC_NO_PIC = NO;
				GCC_NO_COMMON_BLOCKS = YES;
				GCC_OPTIMIZATION_LEVEL = 0;
				GCC_PREPROCESSOR_DEFINITIONS = (
					"DEBUG=1",
					"$(inherited)",
				);
				GCC_WARN_64_TO_32_BIT_CONVERSION = YES;
				GCC_WARN_ABOUT_RETURN_TYPE = YES_ERROR;
				GCC_WARN_UNDECLARED_SELECTOR = YES;
				GCC_WARN_UNINITIALIZED_AUTOS = YES_AGGRESSIVE;
				GCC_WARN_UNUSED_FUNCTION = YES;
				GCC_WARN_UNUSED_VARIABLE = YES;
				IPHONEOS_DEPLOYMENT_TARGET = 17.0;
				LOCALIZATION_PREFERS_STRING_CATALOGS = YES;
				MTL_ENABLE_DEBUG_INFO = INCLUDE_SOURCE;
				MTL_FAST_MATH = YES;
				ONLY_ACTIVE_ARCH = YES;
				SDKROOT = iphoneos;
				SWIFT_ACTIVE_COMPILATION_CONDITIONS = "DEBUG $(inherited)";
				SWIFT_OPTIMIZATION_LEVEL = "-Onone";
			};
			name = Debug;
		};
		2F8C74942B26661800E46284 /* Release */ = {
			isa = XCBuildConfiguration;
			buildSettings = {
				ALWAYS_SEARCH_USER_PATHS = NO;
				ASSETCATALOG_COMPILER_GENERATE_SWIFT_ASSET_SYMBOL_EXTENSIONS = YES;
				CLANG_ANALYZER_NONNULL = YES;
				CLANG_ANALYZER_NUMBER_OBJECT_CONVERSION = YES_AGGRESSIVE;
				CLANG_CXX_LANGUAGE_STANDARD = "gnu++20";
				CLANG_ENABLE_MODULES = YES;
				CLANG_ENABLE_OBJC_ARC = YES;
				CLANG_ENABLE_OBJC_WEAK = YES;
				CLANG_WARN_BLOCK_CAPTURE_AUTORELEASING = YES;
				CLANG_WARN_BOOL_CONVERSION = YES;
				CLANG_WARN_COMMA = YES;
				CLANG_WARN_CONSTANT_CONVERSION = YES;
				CLANG_WARN_DEPRECATED_OBJC_IMPLEMENTATIONS = YES;
				CLANG_WARN_DIRECT_OBJC_ISA_USAGE = YES_ERROR;
				CLANG_WARN_DOCUMENTATION_COMMENTS = YES;
				CLANG_WARN_EMPTY_BODY = YES;
				CLANG_WARN_ENUM_CONVERSION = YES;
				CLANG_WARN_INFINITE_RECURSION = YES;
				CLANG_WARN_INT_CONVERSION = YES;
				CLANG_WARN_NON_LITERAL_NULL_CONVERSION = YES;
				CLANG_WARN_OBJC_IMPLICIT_RETAIN_SELF = YES;
				CLANG_WARN_OBJC_LITERAL_CONVERSION = YES;
				CLANG_WARN_OBJC_ROOT_CLASS = YES_ERROR;
				CLANG_WARN_QUOTED_INCLUDE_IN_FRAMEWORK_HEADER = YES;
				CLANG_WARN_RANGE_LOOP_ANALYSIS = YES;
				CLANG_WARN_STRICT_PROTOTYPES = YES;
				CLANG_WARN_SUSPICIOUS_MOVE = YES;
				CLANG_WARN_UNGUARDED_AVAILABILITY = YES_AGGRESSIVE;
				CLANG_WARN_UNREACHABLE_CODE = YES;
				CLANG_WARN__DUPLICATE_METHOD_MATCH = YES;
				COPY_PHASE_STRIP = NO;
				DEBUG_INFORMATION_FORMAT = "dwarf-with-dsym";
				ENABLE_NS_ASSERTIONS = NO;
				ENABLE_STRICT_OBJC_MSGSEND = YES;
				ENABLE_USER_SCRIPT_SANDBOXING = YES;
				GCC_C_LANGUAGE_STANDARD = gnu17;
				GCC_NO_COMMON_BLOCKS = YES;
				GCC_WARN_64_TO_32_BIT_CONVERSION = YES;
				GCC_WARN_ABOUT_RETURN_TYPE = YES_ERROR;
				GCC_WARN_UNDECLARED_SELECTOR = YES;
				GCC_WARN_UNINITIALIZED_AUTOS = YES_AGGRESSIVE;
				GCC_WARN_UNUSED_FUNCTION = YES;
				GCC_WARN_UNUSED_VARIABLE = YES;
				IPHONEOS_DEPLOYMENT_TARGET = 17.0;
				LOCALIZATION_PREFERS_STRING_CATALOGS = YES;
				MTL_ENABLE_DEBUG_INFO = NO;
				MTL_FAST_MATH = YES;
				SDKROOT = iphoneos;
				SWIFT_COMPILATION_MODE = wholemodule;
				VALIDATE_PRODUCT = YES;
			};
			name = Release;
		};
		2F8C74962B26661800E46284 /* Debug */ = {
			isa = XCBuildConfiguration;
			buildSettings = {
				ASSETCATALOG_COMPILER_APPICON_NAME = AppIcon;
				ASSETCATALOG_COMPILER_GLOBAL_ACCENT_COLOR_NAME = AccentColor;
				CODE_SIGN_IDENTITY = "Apple Development";
				CODE_SIGN_STYLE = Automatic;
				CURRENT_PROJECT_VERSION = 1;
				DEVELOPMENT_ASSET_PATHS = "\"ExampleSwiftUI/Preview Content\"";
				DEVELOPMENT_TEAM = 85P229DUGJ;
				ENABLE_PREVIEWS = YES;
				GENERATE_INFOPLIST_FILE = YES;
				INFOPLIST_FILE = ExampleSwiftUI/Info.plist;
				INFOPLIST_KEY_UIApplicationSceneManifest_Generation = YES;
				INFOPLIST_KEY_UIApplicationSupportsIndirectInputEvents = YES;
				INFOPLIST_KEY_UILaunchScreen_Generation = YES;
				INFOPLIST_KEY_UISupportedInterfaceOrientations_iPad = "UIInterfaceOrientationPortrait UIInterfaceOrientationPortraitUpsideDown UIInterfaceOrientationLandscapeLeft UIInterfaceOrientationLandscapeRight";
				INFOPLIST_KEY_UISupportedInterfaceOrientations_iPhone = "UIInterfaceOrientationPortrait UIInterfaceOrientationLandscapeLeft UIInterfaceOrientationLandscapeRight";
				LD_RUNPATH_SEARCH_PATHS = (
					"$(inherited)",
					"@executable_path/Frameworks",
				);
				MARKETING_VERSION = 1.0;
				PRODUCT_BUNDLE_IDENTIFIER = quiltt.ExampleSwiftUI;
				PRODUCT_NAME = "$(TARGET_NAME)";
				PROVISIONING_PROFILE_SPECIFIER = "";
				SWIFT_EMIT_LOC_STRINGS = YES;
				SWIFT_VERSION = 5.0;
				TARGETED_DEVICE_FAMILY = "1,2";
			};
			name = Debug;
		};
		2F8C74972B26661800E46284 /* Release */ = {
			isa = XCBuildConfiguration;
			buildSettings = {
				ASSETCATALOG_COMPILER_APPICON_NAME = AppIcon;
				ASSETCATALOG_COMPILER_GLOBAL_ACCENT_COLOR_NAME = AccentColor;
				CODE_SIGN_IDENTITY = "Apple Development";
				CODE_SIGN_STYLE = Automatic;
				CURRENT_PROJECT_VERSION = 1;
				DEVELOPMENT_ASSET_PATHS = "\"ExampleSwiftUI/Preview Content\"";
				DEVELOPMENT_TEAM = 85P229DUGJ;
				ENABLE_PREVIEWS = YES;
				GENERATE_INFOPLIST_FILE = YES;
				INFOPLIST_FILE = ExampleSwiftUI/Info.plist;
				INFOPLIST_KEY_UIApplicationSceneManifest_Generation = YES;
				INFOPLIST_KEY_UIApplicationSupportsIndirectInputEvents = YES;
				INFOPLIST_KEY_UILaunchScreen_Generation = YES;
				INFOPLIST_KEY_UISupportedInterfaceOrientations_iPad = "UIInterfaceOrientationPortrait UIInterfaceOrientationPortraitUpsideDown UIInterfaceOrientationLandscapeLeft UIInterfaceOrientationLandscapeRight";
				INFOPLIST_KEY_UISupportedInterfaceOrientations_iPhone = "UIInterfaceOrientationPortrait UIInterfaceOrientationLandscapeLeft UIInterfaceOrientationLandscapeRight";
				LD_RUNPATH_SEARCH_PATHS = (
					"$(inherited)",
					"@executable_path/Frameworks",
				);
				MARKETING_VERSION = 1.0;
				PRODUCT_BUNDLE_IDENTIFIER = quiltt.ExampleSwiftUI;
				PRODUCT_NAME = "$(TARGET_NAME)";
				PROVISIONING_PROFILE_SPECIFIER = "";
				SWIFT_EMIT_LOC_STRINGS = YES;
				SWIFT_VERSION = 5.0;
				TARGETED_DEVICE_FAMILY = "1,2";
			};
			name = Release;
		};
		2F8C74992B26661800E46284 /* Debug */ = {
			isa = XCBuildConfiguration;
			buildSettings = {
				ALWAYS_EMBED_SWIFT_STANDARD_LIBRARIES = YES;
				BUNDLE_LOADER = "$(TEST_HOST)";
				CODE_SIGN_STYLE = Automatic;
				CURRENT_PROJECT_VERSION = 1;
				DEVELOPMENT_TEAM = 85P229DUGJ;
				GENERATE_INFOPLIST_FILE = YES;
				IPHONEOS_DEPLOYMENT_TARGET = 17.0;
				MARKETING_VERSION = 1.0;
				PRODUCT_BUNDLE_IDENTIFIER = quiltt.ExampleSwiftUITests;
				PRODUCT_NAME = "$(TARGET_NAME)";
				SWIFT_EMIT_LOC_STRINGS = NO;
				SWIFT_VERSION = 5.0;
				TARGETED_DEVICE_FAMILY = "1,2";
				TEST_HOST = "$(BUILT_PRODUCTS_DIR)/ExampleSwiftUI.app/$(BUNDLE_EXECUTABLE_FOLDER_PATH)/ExampleSwiftUI";
			};
			name = Debug;
		};
		2F8C749A2B26661800E46284 /* Release */ = {
			isa = XCBuildConfiguration;
			buildSettings = {
				ALWAYS_EMBED_SWIFT_STANDARD_LIBRARIES = YES;
				BUNDLE_LOADER = "$(TEST_HOST)";
				CODE_SIGN_STYLE = Automatic;
				CURRENT_PROJECT_VERSION = 1;
				DEVELOPMENT_TEAM = 85P229DUGJ;
				GENERATE_INFOPLIST_FILE = YES;
				IPHONEOS_DEPLOYMENT_TARGET = 17.0;
				MARKETING_VERSION = 1.0;
				PRODUCT_BUNDLE_IDENTIFIER = quiltt.ExampleSwiftUITests;
				PRODUCT_NAME = "$(TARGET_NAME)";
				SWIFT_EMIT_LOC_STRINGS = NO;
				SWIFT_VERSION = 5.0;
				TARGETED_DEVICE_FAMILY = "1,2";
				TEST_HOST = "$(BUILT_PRODUCTS_DIR)/ExampleSwiftUI.app/$(BUNDLE_EXECUTABLE_FOLDER_PATH)/ExampleSwiftUI";
			};
			name = Release;
		};
		2F8C749C2B26661800E46284 /* Debug */ = {
			isa = XCBuildConfiguration;
			buildSettings = {
				ALWAYS_EMBED_SWIFT_STANDARD_LIBRARIES = YES;
				CODE_SIGN_STYLE = Automatic;
				CURRENT_PROJECT_VERSION = 1;
				DEVELOPMENT_TEAM = 85P229DUGJ;
				GENERATE_INFOPLIST_FILE = YES;
				MARKETING_VERSION = 1.0;
				PRODUCT_BUNDLE_IDENTIFIER = quiltt.ExampleSwiftUIUITests;
				PRODUCT_NAME = "$(TARGET_NAME)";
				SWIFT_EMIT_LOC_STRINGS = NO;
				SWIFT_VERSION = 5.0;
				TARGETED_DEVICE_FAMILY = "1,2";
				TEST_TARGET_NAME = ExampleSwiftUI;
			};
			name = Debug;
		};
		2F8C749D2B26661800E46284 /* Release */ = {
			isa = XCBuildConfiguration;
			buildSettings = {
				ALWAYS_EMBED_SWIFT_STANDARD_LIBRARIES = YES;
				CODE_SIGN_STYLE = Automatic;
				CURRENT_PROJECT_VERSION = 1;
				DEVELOPMENT_TEAM = 85P229DUGJ;
				GENERATE_INFOPLIST_FILE = YES;
				MARKETING_VERSION = 1.0;
				PRODUCT_BUNDLE_IDENTIFIER = quiltt.ExampleSwiftUIUITests;
				PRODUCT_NAME = "$(TARGET_NAME)";
				SWIFT_EMIT_LOC_STRINGS = NO;
				SWIFT_VERSION = 5.0;
				TARGETED_DEVICE_FAMILY = "1,2";
				TEST_TARGET_NAME = ExampleSwiftUI;
			};
			name = Release;
		};
/* End XCBuildConfiguration section */

/* Begin XCConfigurationList section */
		2F8C746C2B26661600E46284 /* Build configuration list for PBXProject "ExampleSwiftUI" */ = {
			isa = XCConfigurationList;
			buildConfigurations = (
				2F8C74932B26661800E46284 /* Debug */,
				2F8C74942B26661800E46284 /* Release */,
			);
			defaultConfigurationIsVisible = 0;
			defaultConfigurationName = Debug;
		};
		2F8C74952B26661800E46284 /* Build configuration list for PBXNativeTarget "ExampleSwiftUI" */ = {
			isa = XCConfigurationList;
			buildConfigurations = (
				2F8C74962B26661800E46284 /* Debug */,
				2F8C74972B26661800E46284 /* Release */,
			);
			defaultConfigurationIsVisible = 0;
			defaultConfigurationName = Debug;
		};
		2F8C74982B26661800E46284 /* Build configuration list for PBXNativeTarget "ExampleSwiftUITests" */ = {
			isa = XCConfigurationList;
			buildConfigurations = (
				2F8C74992B26661800E46284 /* Debug */,
				2F8C749A2B26661800E46284 /* Release */,
			);
			defaultConfigurationIsVisible = 0;
			defaultConfigurationName = Debug;
		};
		2F8C749B2B26661800E46284 /* Build configuration list for PBXNativeTarget "ExampleSwiftUIUITests" */ = {
			isa = XCConfigurationList;
			buildConfigurations = (
				2F8C749C2B26661800E46284 /* Debug */,
				2F8C749D2B26661800E46284 /* Release */,
			);
			defaultConfigurationIsVisible = 0;
			defaultConfigurationName = Debug;
		};
/* End XCConfigurationList section */

/* Begin XCLocalSwiftPackageReference section */
		2FBAC69E2B44B1E10074E464 /* XCLocalSwiftPackageReference ".." */ = {
			isa = XCLocalSwiftPackageReference;
			relativePath = ..;
		};
/* End XCLocalSwiftPackageReference section */

/* Begin XCSwiftPackageProductDependency section */
		2F8C749F2B26663800E46284 /* QuilttConnector */ = {
			isa = XCSwiftPackageProductDependency;
			productName = QuilttConnector;
		};
		2FBAC69F2B44B1E20074E464 /* QuilttConnector */ = {
			isa = XCSwiftPackageProductDependency;
			productName = QuilttConnector;
		};
/* End XCSwiftPackageProductDependency section */
	};
	rootObject = 2F8C74692B26661600E46284 /* Project object */;
}
